// !$*UTF8*$!
{
	archiveVersion = 1;
	classes = {
	};
	objectVersion = 50;
	objects = {

/* Begin PBXBuildFile section */
		D0A8BDDB20BC03C20094E1E9 /* AppDelegate.swift in Sources */ = {isa = PBXBuildFile; fileRef = D0A8BDDA20BC03C20094E1E9 /* AppDelegate.swift */; };
		D0A8BDDD20BC03C20094E1E9 /* GameScene.sks in Resources */ = {isa = PBXBuildFile; fileRef = D0A8BDDC20BC03C20094E1E9 /* GameScene.sks */; };
		D0A8BDDF20BC03C20094E1E9 /* Actions.sks in Resources */ = {isa = PBXBuildFile; fileRef = D0A8BDDE20BC03C20094E1E9 /* Actions.sks */; };
		D0A8BDE120BC03C20094E1E9 /* GameScene.swift in Sources */ = {isa = PBXBuildFile; fileRef = D0A8BDE020BC03C20094E1E9 /* GameScene.swift */; };
		D0A8BDE320BC03C20094E1E9 /* GameViewController.swift in Sources */ = {isa = PBXBuildFile; fileRef = D0A8BDE220BC03C20094E1E9 /* GameViewController.swift */; };
		D0A8BDE620BC03C20094E1E9 /* Main.storyboard in Resources */ = {isa = PBXBuildFile; fileRef = D0A8BDE420BC03C20094E1E9 /* Main.storyboard */; };
		D0A8BDE820BC03C40094E1E9 /* Assets.xcassets in Resources */ = {isa = PBXBuildFile; fileRef = D0A8BDE720BC03C40094E1E9 /* Assets.xcassets */; };
		D0A8BDEB20BC03C40094E1E9 /* LaunchScreen.storyboard in Resources */ = {isa = PBXBuildFile; fileRef = D0A8BDE920BC03C40094E1E9 /* LaunchScreen.storyboard */; };
		D0A8BDF720BC07A70094E1E9 /* Joueur.swift in Sources */ = {isa = PBXBuildFile; fileRef = D0A8BDF620BC07A70094E1E9 /* Joueur.swift */; };
		D0A8BDFA20BC0B280094E1E9 /* Constantes.swift in Sources */ = {isa = PBXBuildFile; fileRef = D0A8BDF920BC0B280094E1E9 /* Constantes.swift */; };
		D0A8BDFC20BC0BB50094E1E9 /* Sol.swift in Sources */ = {isa = PBXBuildFile; fileRef = D0A8BDFB20BC0BB50094E1E9 /* Sol.swift */; };
		D0A8BDFE20BC0CE20094E1E9 /* MonLabel.swift in Sources */ = {isa = PBXBuildFile; fileRef = D0A8BDFD20BC0CE20094E1E9 /* MonLabel.swift */; };
		D0A8BE0020BC0E920094E1E9 /* Obstacle.swift in Sources */ = {isa = PBXBuildFile; fileRef = D0A8BDFF20BC0E920094E1E9 /* Obstacle.swift */; };
		D0A8BE0220BC0EE90094E1E9 /* Cercle.swift in Sources */ = {isa = PBXBuildFile; fileRef = D0A8BE0120BC0EE90094E1E9 /* Cercle.swift */; };
		D0A8BE0420BC0F210094E1E9 /* Carre.swift in Sources */ = {isa = PBXBuildFile; fileRef = D0A8BE0320BC0F210094E1E9 /* Carre.swift */; };
/* End PBXBuildFile section */

/* Begin PBXFileReference section */
		D0A8BDD720BC03C20094E1E9 /* ColorBee.app */ = {isa = PBXFileReference; explicitFileType = wrapper.application; includeInIndex = 0; path = ColorBee.app; sourceTree = BUILT_PRODUCTS_DIR; };
		D0A8BDDA20BC03C20094E1E9 /* AppDelegate.swift */ = {isa = PBXFileReference; lastKnownFileType = sourcecode.swift; path = AppDelegate.swift; sourceTree = "<group>"; };
		D0A8BDDC20BC03C20094E1E9 /* GameScene.sks */ = {isa = PBXFileReference; lastKnownFileType = file.sks; path = GameScene.sks; sourceTree = "<group>"; };
		D0A8BDDE20BC03C20094E1E9 /* Actions.sks */ = {isa = PBXFileReference; lastKnownFileType = file.sks; path = Actions.sks; sourceTree = "<group>"; };
		D0A8BDE020BC03C20094E1E9 /* GameScene.swift */ = {isa = PBXFileReference; lastKnownFileType = sourcecode.swift; path = GameScene.swift; sourceTree = "<group>"; };
		D0A8BDE220BC03C20094E1E9 /* GameViewController.swift */ = {isa = PBXFileReference; lastKnownFileType = sourcecode.swift; path = GameViewController.swift; sourceTree = "<group>"; };
		D0A8BDE520BC03C20094E1E9 /* Base */ = {isa = PBXFileReference; lastKnownFileType = file.storyboard; name = Base; path = Base.lproj/Main.storyboard; sourceTree = "<group>"; };
		D0A8BDE720BC03C40094E1E9 /* Assets.xcassets */ = {isa = PBXFileReference; lastKnownFileType = folder.assetcatalog; path = Assets.xcassets; sourceTree = "<group>"; };
		D0A8BDEA20BC03C40094E1E9 /* Base */ = {isa = PBXFileReference; lastKnownFileType = file.storyboard; name = Base; path = Base.lproj/LaunchScreen.storyboard; sourceTree = "<group>"; };
		D0A8BDEC20BC03C40094E1E9 /* Info.plist */ = {isa = PBXFileReference; lastKnownFileType = text.plist.xml; path = Info.plist; sourceTree = "<group>"; };
		D0A8BDF620BC07A70094E1E9 /* Joueur.swift */ = {isa = PBXFileReference; lastKnownFileType = sourcecode.swift; path = Joueur.swift; sourceTree = "<group>"; };
		D0A8BDF920BC0B280094E1E9 /* Constantes.swift */ = {isa = PBXFileReference; lastKnownFileType = sourcecode.swift; path = Constantes.swift; sourceTree = "<group>"; };
		D0A8BDFB20BC0BB50094E1E9 /* Sol.swift */ = {isa = PBXFileReference; lastKnownFileType = sourcecode.swift; path = Sol.swift; sourceTree = "<group>"; };
		D0A8BDFD20BC0CE20094E1E9 /* MonLabel.swift */ = {isa = PBXFileReference; lastKnownFileType = sourcecode.swift; path = MonLabel.swift; sourceTree = "<group>"; };
		D0A8BDFF20BC0E920094E1E9 /* Obstacle.swift */ = {isa = PBXFileReference; lastKnownFileType = sourcecode.swift; path = Obstacle.swift; sourceTree = "<group>"; };
		D0A8BE0120BC0EE90094E1E9 /* Cercle.swift */ = {isa = PBXFileReference; lastKnownFileType = sourcecode.swift; path = Cercle.swift; sourceTree = "<group>"; };
		D0A8BE0320BC0F210094E1E9 /* Carre.swift */ = {isa = PBXFileReference; lastKnownFileType = sourcecode.swift; path = Carre.swift; sourceTree = "<group>"; };
/* End PBXFileReference section */

/* Begin PBXFrameworksBuildPhase section */
		D0A8BDD420BC03C20094E1E9 /* Frameworks */ = {
			isa = PBXFrameworksBuildPhase;
			buildActionMask = 2147483647;
			files = (
			);
			runOnlyForDeploymentPostprocessing = 0;
		};
/* End PBXFrameworksBuildPhase section */

/* Begin PBXGroup section */
		D0A8BDCE20BC03C20094E1E9 = {
			isa = PBXGroup;
			children = (
				D0A8BDD920BC03C20094E1E9 /* ColorBee */,
				D0A8BDD820BC03C20094E1E9 /* Products */,
			);
			sourceTree = "<group>";
		};
		D0A8BDD820BC03C20094E1E9 /* Products */ = {
			isa = PBXGroup;
			children = (
				D0A8BDD720BC03C20094E1E9 /* ColorBee.app */,
			);
			name = Products;
			sourceTree = "<group>";
		};
		D0A8BDD920BC03C20094E1E9 /* ColorBee */ = {
			isa = PBXGroup;
			children = (
				D0A8BDF820BC0B0A0094E1E9 /* Resources */,
				D0A8BDF520BC07880094E1E9 /* Model */,
				D0A8BDF420BC056F0094E1E9 /* Scene */,
				D0A8BDF320BC05600094E1E9 /* Controller */,
				D0A8BDF220BC05420094E1E9 /* Visuel */,
				D0A8BDDA20BC03C20094E1E9 /* AppDelegate.swift */,
				D0A8BDE720BC03C40094E1E9 /* Assets.xcassets */,
				D0A8BDEC20BC03C40094E1E9 /* Info.plist */,
			);
			path = ColorBee;
			sourceTree = "<group>";
		};
		D0A8BDF220BC05420094E1E9 /* Visuel */ = {
			isa = PBXGroup;
			children = (
				D0A8BDDC20BC03C20094E1E9 /* GameScene.sks */,
				D0A8BDDE20BC03C20094E1E9 /* Actions.sks */,
				D0A8BDE420BC03C20094E1E9 /* Main.storyboard */,
				D0A8BDE920BC03C40094E1E9 /* LaunchScreen.storyboard */,
			);
			path = Visuel;
			sourceTree = "<group>";
		};
		D0A8BDF320BC05600094E1E9 /* Controller */ = {
			isa = PBXGroup;
			children = (
				D0A8BDE220BC03C20094E1E9 /* GameViewController.swift */,
			);
			path = Controller;
			sourceTree = "<group>";
		};
		D0A8BDF420BC056F0094E1E9 /* Scene */ = {
			isa = PBXGroup;
			children = (
				D0A8BDE020BC03C20094E1E9 /* GameScene.swift */,
			);
			path = Scene;
			sourceTree = "<group>";
		};
		D0A8BDF520BC07880094E1E9 /* Model */ = {
			isa = PBXGroup;
			children = (
				D0A8BDF620BC07A70094E1E9 /* Joueur.swift */,
				D0A8BDFB20BC0BB50094E1E9 /* Sol.swift */,
				D0A8BDFD20BC0CE20094E1E9 /* MonLabel.swift */,
				D0A8BDFF20BC0E920094E1E9 /* Obstacle.swift */,
				D0A8BE0120BC0EE90094E1E9 /* Cercle.swift */,
				D0A8BE0320BC0F210094E1E9 /* Carre.swift */,
			);
			path = Model;
			sourceTree = "<group>";
		};
		D0A8BDF820BC0B0A0094E1E9 /* Resources */ = {
			isa = PBXGroup;
			children = (
				D0A8BDF920BC0B280094E1E9 /* Constantes.swift */,
			);
			path = Resources;
			sourceTree = "<group>";
		};
/* End PBXGroup section */

/* Begin PBXNativeTarget section */
		D0A8BDD620BC03C20094E1E9 /* ColorBee */ = {
			isa = PBXNativeTarget;
			buildConfigurationList = D0A8BDEF20BC03C40094E1E9 /* Build configuration list for PBXNativeTarget "ColorBee" */;
			buildPhases = (
				D0A8BDD320BC03C20094E1E9 /* Sources */,
				D0A8BDD420BC03C20094E1E9 /* Frameworks */,
				D0A8BDD520BC03C20094E1E9 /* Resources */,
			);
			buildRules = (
			);
			dependencies = (
			);
			name = ColorBee;
			productName = ColorBee;
			productReference = D0A8BDD720BC03C20094E1E9 /* ColorBee.app */;
			productType = "com.apple.product-type.application";
		};
/* End PBXNativeTarget section */

/* Begin PBXProject section */
		D0A8BDCF20BC03C20094E1E9 /* Project object */ = {
			isa = PBXProject;
			attributes = {
				LastSwiftUpdateCheck = 0930;
				LastUpgradeCheck = 0930;
				ORGANIZATIONNAME = "Riad Korimbacus";
				TargetAttributes = {
					D0A8BDD620BC03C20094E1E9 = {
						CreatedOnToolsVersion = 9.3;
					};
				};
			};
			buildConfigurationList = D0A8BDD220BC03C20094E1E9 /* Build configuration list for PBXProject "ColorBee" */;
			compatibilityVersion = "Xcode 9.3";
			developmentRegion = en;
			hasScannedForEncodings = 0;
			knownRegions = (
				en,
				Base,
			);
			mainGroup = D0A8BDCE20BC03C20094E1E9;
			productRefGroup = D0A8BDD820BC03C20094E1E9 /* Products */;
			projectDirPath = "";
			projectRoot = "";
			targets = (
				D0A8BDD620BC03C20094E1E9 /* ColorBee */,
			);
		};
/* End PBXProject section */

/* Begin PBXResourcesBuildPhase section */
		D0A8BDD520BC03C20094E1E9 /* Resources */ = {
			isa = PBXResourcesBuildPhase;
			buildActionMask = 2147483647;
			files = (
				D0A8BDE620BC03C20094E1E9 /* Main.storyboard in Resources */,
				D0A8BDDD20BC03C20094E1E9 /* GameScene.sks in Resources */,
				D0A8BDE820BC03C40094E1E9 /* Assets.xcassets in Resources */,
				D0A8BDEB20BC03C40094E1E9 /* LaunchScreen.storyboard in Resources */,
				D0A8BDDF20BC03C20094E1E9 /* Actions.sks in Resources */,
			);
			runOnlyForDeploymentPostprocessing = 0;
		};
/* End PBXResourcesBuildPhase section */

/* Begin PBXSourcesBuildPhase section */
		D0A8BDD320BC03C20094E1E9 /* Sources */ = {
			isa = PBXSourcesBuildPhase;
			buildActionMask = 2147483647;
			files = (
				D0A8BDFA20BC0B280094E1E9 /* Constantes.swift in Sources */,
				D0A8BDE120BC03C20094E1E9 /* GameScene.swift in Sources */,
				D0A8BDFC20BC0BB50094E1E9 /* Sol.swift in Sources */,
				D0A8BDF720BC07A70094E1E9 /* Joueur.swift in Sources */,
				D0A8BDFE20BC0CE20094E1E9 /* MonLabel.swift in Sources */,
				D0A8BE0220BC0EE90094E1E9 /* Cercle.swift in Sources */,
				D0A8BDE320BC03C20094E1E9 /* GameViewController.swift in Sources */,
				D0A8BE0020BC0E920094E1E9 /* Obstacle.swift in Sources */,
				D0A8BDDB20BC03C20094E1E9 /* AppDelegate.swift in Sources */,
				D0A8BE0420BC0F210094E1E9 /* Carre.swift in Sources */,
			);
			runOnlyForDeploymentPostprocessing = 0;
		};
/* End PBXSourcesBuildPhase section */

/* Begin PBXVariantGroup section */
		D0A8BDE420BC03C20094E1E9 /* Main.storyboard */ = {
			isa = PBXVariantGroup;
			children = (
				D0A8BDE520BC03C20094E1E9 /* Base */,
			);
			name = Main.storyboard;
			sourceTree = "<group>";
		};
		D0A8BDE920BC03C40094E1E9 /* LaunchScreen.storyboard */ = {
			isa = PBXVariantGroup;
			children = (
				D0A8BDEA20BC03C40094E1E9 /* Base */,
			);
			name = LaunchScreen.storyboard;
			sourceTree = "<group>";
		};
/* End PBXVariantGroup section */

/* Begin XCBuildConfiguration section */
		D0A8BDED20BC03C40094E1E9 /* Debug */ = {
			isa = XCBuildConfiguration;
			buildSettings = {
				ALWAYS_SEARCH_USER_PATHS = NO;
				CLANG_ANALYZER_NONNULL = YES;
				CLANG_ANALYZER_NUMBER_OBJECT_CONVERSION = YES_AGGRESSIVE;
				CLANG_CXX_LANGUAGE_STANDARD = "gnu++14";
				CLANG_CXX_LIBRARY = "libc++";
				CLANG_ENABLE_MODULES = YES;
				CLANG_ENABLE_OBJC_ARC = YES;
				CLANG_ENABLE_OBJC_WEAK = YES;
				CLANG_WARN_BLOCK_CAPTURE_AUTORELEASING = YES;
				CLANG_WARN_BOOL_CONVERSION = YES;
				CLANG_WARN_COMMA = YES;
				CLANG_WARN_CONSTANT_CONVERSION = YES;
				CLANG_WARN_DEPRECATED_OBJC_IMPLEMENTATIONS = YES;
				CLANG_WARN_DIRECT_OBJC_ISA_USAGE = YES_ERROR;
				CLANG_WARN_DOCUMENTATION_COMMENTS = YES;
				CLANG_WARN_EMPTY_BODY = YES;
				CLANG_WARN_ENUM_CONVERSION = YES;
				CLANG_WARN_INFINITE_RECURSION = YES;
				CLANG_WARN_INT_CONVERSION = YES;
				CLANG_WARN_NON_LITERAL_NULL_CONVERSION = YES;
				CLANG_WARN_OBJC_IMPLICIT_RETAIN_SELF = YES;
				CLANG_WARN_OBJC_LITERAL_CONVERSION = YES;
				CLANG_WARN_OBJC_ROOT_CLASS = YES_ERROR;
				CLANG_WARN_RANGE_LOOP_ANALYSIS = YES;
				CLANG_WARN_STRICT_PROTOTYPES = YES;
				CLANG_WARN_SUSPICIOUS_MOVE = YES;
				CLANG_WARN_UNGUARDED_AVAILABILITY = YES_AGGRESSIVE;
				CLANG_WARN_UNREACHABLE_CODE = YES;
				CLANG_WARN__DUPLICATE_METHOD_MATCH = YES;
				CODE_SIGN_IDENTITY = "iPhone Developer";
				COPY_PHASE_STRIP = NO;
				DEBUG_INFORMATION_FORMAT = dwarf;
				ENABLE_STRICT_OBJC_MSGSEND = YES;
				ENABLE_TESTABILITY = YES;
				GCC_C_LANGUAGE_STANDARD = gnu11;
				GCC_DYNAMIC_NO_PIC = NO;
				GCC_NO_COMMON_BLOCKS = YES;
				GCC_OPTIMIZATION_LEVEL = 0;
				GCC_PREPROCESSOR_DEFINITIONS = (
					"DEBUG=1",
					"$(inherited)",
				);
				GCC_WARN_64_TO_32_BIT_CONVERSION = YES;
				GCC_WARN_ABOUT_RETURN_TYPE = YES_ERROR;
				GCC_WARN_UNDECLARED_SELECTOR = YES;
				GCC_WARN_UNINITIALIZED_AUTOS = YES_AGGRESSIVE;
				GCC_WARN_UNUSED_FUNCTION = YES;
				GCC_WARN_UNUSED_VARIABLE = YES;
				IPHONEOS_DEPLOYMENT_TARGET = 11.3;
				MTL_ENABLE_DEBUG_INFO = YES;
				ONLY_ACTIVE_ARCH = YES;
				SDKROOT = iphoneos;
				SWIFT_ACTIVE_COMPILATION_CONDITIONS = DEBUG;
				SWIFT_OPTIMIZATION_LEVEL = "-Onone";
			};
			name = Debug;
		};
		D0A8BDEE20BC03C40094E1E9 /* Release */ = {
			isa = XCBuildConfiguration;
			buildSettings = {
				ALWAYS_SEARCH_USER_PATHS = NO;
				CLANG_ANALYZER_NONNULL = YES;
				CLANG_ANALYZER_NUMBER_OBJECT_CONVERSION = YES_AGGRESSIVE;
				CLANG_CXX_LANGUAGE_STANDARD = "gnu++14";
				CLANG_CXX_LIBRARY = "libc++";
				CLANG_ENABLE_MODULES = YES;
				CLANG_ENABLE_OBJC_ARC = YES;
				CLANG_ENABLE_OBJC_WEAK = YES;
				CLANG_WARN_BLOCK_CAPTURE_AUTORELEASING = YES;
				CLANG_WARN_BOOL_CONVERSION = YES;
				CLANG_WARN_COMMA = YES;
				CLANG_WARN_CONSTANT_CONVERSION = YES;
				CLANG_WARN_DEPRECATED_OBJC_IMPLEMENTATIONS = YES;
				CLANG_WARN_DIRECT_OBJC_ISA_USAGE = YES_ERROR;
				CLANG_WARN_DOCUMENTATION_COMMENTS = YES;
				CLANG_WARN_EMPTY_BODY = YES;
				CLANG_WARN_ENUM_CONVERSION = YES;
				CLANG_WARN_INFINITE_RECURSION = YES;
				CLANG_WARN_INT_CONVERSION = YES;
				CLANG_WARN_NON_LITERAL_NULL_CONVERSION = YES;
				CLANG_WARN_OBJC_IMPLICIT_RETAIN_SELF = YES;
				CLANG_WARN_OBJC_LITERAL_CONVERSION = YES;
				CLANG_WARN_OBJC_ROOT_CLASS = YES_ERROR;
				CLANG_WARN_RANGE_LOOP_ANALYSIS = YES;
				CLANG_WARN_STRICT_PROTOTYPES = YES;
				CLANG_WARN_SUSPICIOUS_MOVE = YES;
				CLANG_WARN_UNGUARDED_AVAILABILITY = YES_AGGRESSIVE;
				CLANG_WARN_UNREACHABLE_CODE = YES;
				CLANG_WARN__DUPLICATE_METHOD_MATCH = YES;
				CODE_SIGN_IDENTITY = "iPhone Developer";
				COPY_PHASE_STRIP = NO;
				DEBUG_INFORMATION_FORMAT = "dwarf-with-dsym";
				ENABLE_NS_ASSERTIONS = NO;
				ENABLE_STRICT_OBJC_MSGSEND = YES;
				GCC_C_LANGUAGE_STANDARD = gnu11;
				GCC_NO_COMMON_BLOCKS = YES;
				GCC_WARN_64_TO_32_BIT_CONVERSION = YES;
				GCC_WARN_ABOUT_RETURN_TYPE = YES_ERROR;
				GCC_WARN_UNDECLARED_SELECTOR = YES;
				GCC_WARN_UNINITIALIZED_AUTOS = YES_AGGRESSIVE;
				GCC_WARN_UNUSED_FUNCTION = YES;
				GCC_WARN_UNUSED_VARIABLE = YES;
				IPHONEOS_DEPLOYMENT_TARGET = 11.3;
				MTL_ENABLE_DEBUG_INFO = NO;
				SDKROOT = iphoneos;
				SWIFT_COMPILATION_MODE = wholemodule;
				SWIFT_OPTIMIZATION_LEVEL = "-O";
				VALIDATE_PRODUCT = YES;
			};
			name = Release;
		};
		D0A8BDF020BC03C40094E1E9 /* Debug */ = {
			isa = XCBuildConfiguration;
			buildSettings = {
				ASSETCATALOG_COMPILER_APPICON_NAME = AppIcon;
				CODE_SIGN_STYLE = Automatic;
				DEVELOPMENT_TEAM = H33FT7525R;
				INFOPLIST_FILE = ColorBee/Info.plist;
				LD_RUNPATH_SEARCH_PATHS = (
					"$(inherited)",
					"@executable_path/Frameworks",
				);
				PRODUCT_BUNDLE_IDENTIFIER = TT.ColorBee;
				PRODUCT_NAME = "$(TARGET_NAME)";
				SWIFT_VERSION = 4.0;
				TARGETED_DEVICE_FAMILY = "1,2";
			};
			name = Debug;
		};
		D0A8BDF120BC03C40094E1E9 /* Release */ = {
			isa = XCBuildConfiguration;
			buildSettings = {
				ASSETCATALOG_COMPILER_APPICON_NAME = AppIcon;
				CODE_SIGN_STYLE = Automatic;
				DEVELOPMENT_TEAM = H33FT7525R;
				INFOPLIST_FILE = ColorBee/Info.plist;
				LD_RUNPATH_SEARCH_PATHS = (
					"$(inherited)",
					"@executable_path/Frameworks",
				);
				PRODUCT_BUNDLE_IDENTIFIER = TT.ColorBee;
				PRODUCT_NAME = "$(TARGET_NAME)";
				SWIFT_VERSION = 4.0;
				TARGETED_DEVICE_FAMILY = "1,2";
			};
			name = Release;
		};
/* End XCBuildConfiguration section */

/* Begin XCConfigurationList section */
		D0A8BDD220BC03C20094E1E9 /* Build configuration list for PBXProject "ColorBee" */ = {
			isa = XCConfigurationList;
			buildConfigurations = (
				D0A8BDED20BC03C40094E1E9 /* Debug */,
				D0A8BDEE20BC03C40094E1E9 /* Release */,
			);
			defaultConfigurationIsVisible = 0;
			defaultConfigurationName = Release;
		};
		D0A8BDEF20BC03C40094E1E9 /* Build configuration list for PBXNativeTarget "ColorBee" */ = {
			isa = XCConfigurationList;
			buildConfigurations = (
				D0A8BDF020BC03C40094E1E9 /* Debug */,
				D0A8BDF120BC03C40094E1E9 /* Release */,
			);
			defaultConfigurationIsVisible = 0;
			defaultConfigurationName = Release;
		};
/* End XCConfigurationList section */
	};
	rootObject = D0A8BDCF20BC03C20094E1E9 /* Project object */;
}
